
Microsoft Visual Studio Solution File, Format Version 12.00
# Visual Studio 2012
Project("{8BC9CEB8-8B4A-11D0-8D11-00A0C91BC942}") = "merge_sort_code", "merge_sort_code\merge_sort_code.vcxproj", "{BCBB4E9B-BE75-4892-8ACC-2EA73E57481D}"
EndProject
Project("{8BC9CEB8-8B4A-11D0-8D11-00A0C91BC942}") = "merge_sort_ut", "merge_sort_ut\merge_sort_ut.vcxproj", "{C25236EB-266E-4752-837C-F23A60E8A582}"
EndProject
Global
	GlobalSection(SolutionConfigurationPlatforms) = preSolution
		Debug|Win32 = Debug|Win32
		Release|Win32 = Release|Win32
	EndGlobalSection
	GlobalSection(ProjectConfigurationPlatforms) = postSolution
		{BCBB4E9B-BE75-4892-8ACC-2EA73E57481D}.Debug|Win32.ActiveCfg = Debug|Win32
		{BCBB4E9B-BE75-4892-8ACC-2EA73E57481D}.Debug|Win32.Build.0 = Debug|Win32
		{BCBB4E9B-BE75-4892-8ACC-2EA73E57481D}.Release|Win32.ActiveCfg = Release|Win32
		{BCBB4E9B-BE75-4892-8ACC-2EA73E57481D}.Release|Win32.Build.0 = Release|Win32
		{C25236EB-266E-4752-837C-F23A60E8A582}.Debug|Win32.ActiveCfg = Debug|Win32
		{C25236EB-266E-4752-837C-F23A60E8A582}.Debug|Win32.Build.0 = Debug|Win32
		{C25236EB-266E-4752-837C-F23A60E8A582}.Release|Win32.ActiveCfg = Release|Win32
		{C25236EB-266E-4752-837C-F23A60E8A582}.Release|Win32.Build.0 = Release|Win32
	EndGlobalSection
	GlobalSection(SolutionProperties) = preSolution
		HideSolutionNode = FALSE
	EndGlobalSection
EndGlobal
